// !$*UTF8*$!
{
	archiveVersion = 1;
	classes = {
	};
	objectVersion = 50;
	objects = {

/* Begin PBXBuildFile section */
		21EF8FBE24BD92A100EBF999 /* AppDelegate.swift in Sources */ = {isa = PBXBuildFile; fileRef = 21EF8FBD24BD92A100EBF999 /* AppDelegate.swift */; };
		21EF8FC024BD92A100EBF999 /* SceneDelegate.swift in Sources */ = {isa = PBXBuildFile; fileRef = 21EF8FBF24BD92A100EBF999 /* SceneDelegate.swift */; };
		21EF8FC224BD92A100EBF999 /* ViewController.swift in Sources */ = {isa = PBXBuildFile; fileRef = 21EF8FC124BD92A100EBF999 /* ViewController.swift */; };
		21EF8FC524BD92A100EBF999 /* Main.storyboard in Resources */ = {isa = PBXBuildFile; fileRef = 21EF8FC324BD92A100EBF999 /* Main.storyboard */; };
		21EF8FC724BD92A400EBF999 /* Assets.xcassets in Resources */ = {isa = PBXBuildFile; fileRef = 21EF8FC624BD92A400EBF999 /* Assets.xcassets */; };
		21EF8FCA24BD92A400EBF999 /* LaunchScreen.storyboard in Resources */ = {isa = PBXBuildFile; fileRef = 21EF8FC824BD92A400EBF999 /* LaunchScreen.storyboard */; };
		21EF8FD224BD930300EBF999 /* CircularProgressView.swift in Sources */ = {isa = PBXBuildFile; fileRef = 21EF8FD124BD930300EBF999 /* CircularProgressView.swift */; };
/* End PBXBuildFile section */

/* Begin PBXFileReference section */
		21EF8FBA24BD92A100EBF999 /* ProgressView.app */ = {isa = PBXFileReference; explicitFileType = wrapper.application; includeInIndex = 0; path = ProgressView.app; sourceTree = BUILT_PRODUCTS_DIR; };
		21EF8FBD24BD92A100EBF999 /* AppDelegate.swift */ = {isa = PBXFileReference; lastKnownFileType = sourcecode.swift; path = AppDelegate.swift; sourceTree = "<group>"; };
		21EF8FBF24BD92A100EBF999 /* SceneDelegate.swift */ = {isa = PBXFileReference; lastKnownFileType = sourcecode.swift; path = SceneDelegate.swift; sourceTree = "<group>"; };
		21EF8FC124BD92A100EBF999 /* ViewController.swift */ = {isa = PBXFileReference; lastKnownFileType = sourcecode.swift; path = ViewController.swift; sourceTree = "<group>"; };
		21EF8FC424BD92A100EBF999 /* Base */ = {isa = PBXFileReference; lastKnownFileType = file.storyboard; name = Base; path = Base.lproj/Main.storyboard; sourceTree = "<group>"; };
		21EF8FC624BD92A400EBF999 /* Assets.xcassets */ = {isa = PBXFileReference; lastKnownFileType = folder.assetcatalog; path = Assets.xcassets; sourceTree = "<group>"; };
		21EF8FC924BD92A400EBF999 /* Base */ = {isa = PBXFileReference; lastKnownFileType = file.storyboard; name = Base; path = Base.lproj/LaunchScreen.storyboard; sourceTree = "<group>"; };
		21EF8FCB24BD92A400EBF999 /* Info.plist */ = {isa = PBXFileReference; lastKnownFileType = text.plist.xml; path = Info.plist; sourceTree = "<group>"; };
		21EF8FD124BD930300EBF999 /* CircularProgressView.swift */ = {isa = PBXFileReference; fileEncoding = 4; lastKnownFileType = sourcecode.swift; path = CircularProgressView.swift; sourceTree = "<group>"; };
/* End PBXFileReference section */

/* Begin PBXFrameworksBuildPhase section */
		21EF8FB724BD92A100EBF999 /* Frameworks */ = {
			isa = PBXFrameworksBuildPhase;
			buildActionMask = 2147483647;
			files = (
			);
			runOnlyForDeploymentPostprocessing = 0;
		};
/* End PBXFrameworksBuildPhase section */

/* Begin PBXGroup section */
		21EF8FB124BD92A100EBF999 = {
			isa = PBXGroup;
			children = (
				21EF8FBC24BD92A100EBF999 /* ProgressView */,
				21EF8FBB24BD92A100EBF999 /* Products */,
			);
			sourceTree = "<group>";
		};
		21EF8FBB24BD92A100EBF999 /* Products */ = {
			isa = PBXGroup;
			children = (
				21EF8FBA24BD92A100EBF999 /* ProgressView.app */,
			);
			name = Products;
			sourceTree = "<group>";
		};
		21EF8FBC24BD92A100EBF999 /* ProgressView */ = {
			isa = PBXGroup;
			children = (
				21EF8FD124BD930300EBF999 /* CircularProgressView.swift */,
				21EF8FBD24BD92A100EBF999 /* AppDelegate.swift */,
				21EF8FBF24BD92A100EBF999 /* SceneDelegate.swift */,
				21EF8FC124BD92A100EBF999 /* ViewController.swift */,
				21EF8FC324BD92A100EBF999 /* Main.storyboard */,
				21EF8FC624BD92A400EBF999 /* Assets.xcassets */,
				21EF8FC824BD92A400EBF999 /* LaunchScreen.storyboard */,
				21EF8FCB24BD92A400EBF999 /* Info.plist */,
			);
			path = ProgressView;
			sourceTree = "<group>";
		};
/* End PBXGroup section */

/* Begin PBXNativeTarget section */
		21EF8FB924BD92A100EBF999 /* ProgressView */ = {
			isa = PBXNativeTarget;
			buildConfigurationList = 21EF8FCE24BD92A400EBF999 /* Build configuration list for PBXNativeTarget "ProgressView" */;
			buildPhases = (
				21EF8FB624BD92A100EBF999 /* Sources */,
				21EF8FB724BD92A100EBF999 /* Frameworks */,
				21EF8FB824BD92A100EBF999 /* Resources */,
			);
			buildRules = (
			);
			dependencies = (
			);
			name = ProgressView;
			productName = ProgressView;
			productReference = 21EF8FBA24BD92A100EBF999 /* ProgressView.app */;
			productType = "com.apple.product-type.application";
		};
/* End PBXNativeTarget section */

/* Begin PBXProject section */
		21EF8FB224BD92A100EBF999 /* Project object */ = {
			isa = PBXProject;
			attributes = {
				LastSwiftUpdateCheck = 1130;
				LastUpgradeCheck = 1130;
				ORGANIZATIONNAME = vj;
				TargetAttributes = {
					21EF8FB924BD92A100EBF999 = {
						CreatedOnToolsVersion = 11.3;
					};
				};
			};
			buildConfigurationList = 21EF8FB524BD92A100EBF999 /* Build configuration list for PBXProject "ProgressView" */;
			compatibilityVersion = "Xcode 9.3";
			developmentRegion = en;
			hasScannedForEncodings = 0;
			knownRegions = (
				en,
				Base,
			);
			mainGroup = 21EF8FB124BD92A100EBF999;
			productRefGroup = 21EF8FBB24BD92A100EBF999 /* Products */;
			projectDirPath = "";
			projectRoot = "";
			targets = (
				21EF8FB924BD92A100EBF999 /* ProgressView */,
			);
		};
/* End PBXProject section */

/* Begin PBXResourcesBuildPhase section */
		21EF8FB824BD92A100EBF999 /* Resources */ = {
			isa = PBXResourcesBuildPhase;
			buildActionMask = 2147483647;
			files = (
				21EF8FCA24BD92A400EBF999 /* LaunchScreen.storyboard in Resources */,
				21EF8FC724BD92A400EBF999 /* Assets.xcassets in Resources */,
				21EF8FC524BD92A100EBF999 /* Main.storyboard in Resources */,
			);
			runOnlyForDeploymentPostprocessing = 0;
		};
/* End PBXResourcesBuildPhase section */

/* Begin PBXSourcesBuildPhase section */
		21EF8FB624BD92A100EBF999 /* Sources */ = {
			isa = PBXSourcesBuildPhase;
			buildActionMask = 2147483647;
			files = (
				21EF8FC224BD92A100EBF999 /* ViewController.swift in Sources */,
				21EF8FBE24BD92A100EBF999 /* AppDelegate.swift in Sources */,
				21EF8FD224BD930300EBF999 /* CircularProgressView.swift in Sources */,
				21EF8FC024BD92A100EBF999 /* SceneDelegate.swift in Sources */,
			);
			runOnlyForDeploymentPostprocessing = 0;
		};
/* End PBXSourcesBuildPhase section */

/* Begin PBXVariantGroup section */
		21EF8FC324BD92A100EBF999 /* Main.storyboard */ = {
			isa = PBXVariantGroup;
			children = (
				21EF8FC424BD92A100EBF999 /* Base */,
			);
			name = Main.storyboard;
			sourceTree = "<group>";
		};
		21EF8FC824BD92A400EBF999 /* LaunchScreen.storyboard */ = {
			isa = PBXVariantGroup;
			children = (
				21EF8FC924BD92A400EBF999 /* Base */,
			);
			name = LaunchScreen.storyboard;
			sourceTree = "<group>";
		};
/* End PBXVariantGroup section */

/* Begin XCBuildConfiguration section */
		21EF8FCC24BD92A400EBF999 /* Debug */ = {
			isa = XCBuildConfiguration;
			buildSettings = {
				ALWAYS_SEARCH_USER_PATHS = NO;
				CLANG_ANALYZER_NONNULL = YES;
				CLANG_ANALYZER_NUMBER_OBJECT_CONVERSION = YES_AGGRESSIVE;
				CLANG_CXX_LANGUAGE_STANDARD = "gnu++14";
				CLANG_CXX_LIBRARY = "libc++";
				CLANG_ENABLE_MODULES = YES;
				CLANG_ENABLE_OBJC_ARC = YES;
				CLANG_ENABLE_OBJC_WEAK = YES;
				CLANG_WARN_BLOCK_CAPTURE_AUTORELEASING = YES;
				CLANG_WARN_BOOL_CONVERSION = YES;
				CLANG_WARN_COMMA = YES;
				CLANG_WARN_CONSTANT_CONVERSION = YES;
				CLANG_WARN_DEPRECATED_OBJC_IMPLEMENTATIONS = YES;
				CLANG_WARN_DIRECT_OBJC_ISA_USAGE = YES_ERROR;
				CLANG_WARN_DOCUMENTATION_COMMENTS = YES;
				CLANG_WARN_EMPTY_BODY = YES;
				CLANG_WARN_ENUM_CONVERSION = YES;
				CLANG_WARN_INFINITE_RECURSION = YES;
				CLANG_WARN_INT_CONVERSION = YES;
				CLANG_WARN_NON_LITERAL_NULL_CONVERSION = YES;
				CLANG_WARN_OBJC_IMPLICIT_RETAIN_SELF = YES;
				CLANG_WARN_OBJC_LITERAL_CONVERSION = YES;
				CLANG_WARN_OBJC_ROOT_CLASS = YES_ERROR;
				CLANG_WARN_RANGE_LOOP_ANALYSIS = YES;
				CLANG_WARN_STRICT_PROTOTYPES = YES;
				CLANG_WARN_SUSPICIOUS_MOVE = YES;
				CLANG_WARN_UNGUARDED_AVAILABILITY = YES_AGGRESSIVE;
				CLANG_WARN_UNREACHABLE_CODE = YES;
				CLANG_WARN__DUPLICATE_METHOD_MATCH = YES;
				COPY_PHASE_STRIP = NO;
				DEBUG_INFORMATION_FORMAT = dwarf;
				ENABLE_STRICT_OBJC_MSGSEND = YES;
				ENABLE_TESTABILITY = YES;
				GCC_C_LANGUAGE_STANDARD = gnu11;
				GCC_DYNAMIC_NO_PIC = NO;
				GCC_NO_COMMON_BLOCKS = YES;
				GCC_OPTIMIZATION_LEVEL = 0;
				GCC_PREPROCESSOR_DEFINITIONS = (
					"DEBUG=1",
					"$(inherited)",
				);
				GCC_WARN_64_TO_32_BIT_CONVERSION = YES;
				GCC_WARN_ABOUT_RETURN_TYPE = YES_ERROR;
				GCC_WARN_UNDECLARED_SELECTOR = YES;
				GCC_WARN_UNINITIALIZED_AUTOS = YES_AGGRESSIVE;
				GCC_WARN_UNUSED_FUNCTION = YES;
				GCC_WARN_UNUSED_VARIABLE = YES;
				IPHONEOS_DEPLOYMENT_TARGET = 13.2;
				MTL_ENABLE_DEBUG_INFO = INCLUDE_SOURCE;
				MTL_FAST_MATH = YES;
				ONLY_ACTIVE_ARCH = YES;
				SDKROOT = iphoneos;
				SWIFT_ACTIVE_COMPILATION_CONDITIONS = DEBUG;
				SWIFT_OPTIMIZATION_LEVEL = "-Onone";
			};
			name = Debug;
		};
		21EF8FCD24BD92A400EBF999 /* Release */ = {
			isa = XCBuildConfiguration;
			buildSettings = {
				ALWAYS_SEARCH_USER_PATHS = NO;
				CLANG_ANALYZER_NONNULL = YES;
				CLANG_ANALYZER_NUMBER_OBJECT_CONVERSION = YES_AGGRESSIVE;
				CLANG_CXX_LANGUAGE_STANDARD = "gnu++14";
				CLANG_CXX_LIBRARY = "libc++";
				CLANG_ENABLE_MODULES = YES;
				CLANG_ENABLE_OBJC_ARC = YES;
				CLANG_ENABLE_OBJC_WEAK = YES;
				CLANG_WARN_BLOCK_CAPTURE_AUTORELEASING = YES;
				CLANG_WARN_BOOL_CONVERSION = YES;
				CLANG_WARN_COMMA = YES;
				CLANG_WARN_CONSTANT_CONVERSION = YES;
				CLANG_WARN_DEPRECATED_OBJC_IMPLEMENTATIONS = YES;
				CLANG_WARN_DIRECT_OBJC_ISA_USAGE = YES_ERROR;
				CLANG_WARN_DOCUMENTATION_COMMENTS = YES;
				CLANG_WARN_EMPTY_BODY = YES;
				CLANG_WARN_ENUM_CONVERSION = YES;
				CLANG_WARN_INFINITE_RECURSION = YES;
				CLANG_WARN_INT_CONVERSION = YES;
				CLANG_WARN_NON_LITERAL_NULL_CONVERSION = YES;
				CLANG_WARN_OBJC_IMPLICIT_RETAIN_SELF = YES;
				CLANG_WARN_OBJC_LITERAL_CONVERSION = YES;
				CLANG_WARN_OBJC_ROOT_CLASS = YES_ERROR;
				CLANG_WARN_RANGE_LOOP_ANALYSIS = YES;
				CLANG_WARN_STRICT_PROTOTYPES = YES;
				CLANG_WARN_SUSPICIOUS_MOVE = YES;
				CLANG_WARN_UNGUARDED_AVAILABILITY = YES_AGGRESSIVE;
				CLANG_WARN_UNREACHABLE_CODE = YES;
				CLANG_WARN__DUPLICATE_METHOD_MATCH = YES;
				COPY_PHASE_STRIP = NO;
				DEBUG_INFORMATION_FORMAT = "dwarf-with-dsym";
				ENABLE_NS_ASSERTIONS = NO;
				ENABLE_STRICT_OBJC_MSGSEND = YES;
				GCC_C_LANGUAGE_STANDARD = gnu11;
				GCC_NO_COMMON_BLOCKS = YES;
				GCC_WARN_64_TO_32_BIT_CONVERSION = YES;
				GCC_WARN_ABOUT_RETURN_TYPE = YES_ERROR;
				GCC_WARN_UNDECLARED_SELECTOR = YES;
				GCC_WARN_UNINITIALIZED_AUTOS = YES_AGGRESSIVE;
				GCC_WARN_UNUSED_FUNCTION = YES;
				GCC_WARN_UNUSED_VARIABLE = YES;
				IPHONEOS_DEPLOYMENT_TARGET = 13.2;
				MTL_ENABLE_DEBUG_INFO = NO;
				MTL_FAST_MATH = YES;
				SDKROOT = iphoneos;
				SWIFT_COMPILATION_MODE = wholemodule;
				SWIFT_OPTIMIZATION_LEVEL = "-O";
				VALIDATE_PRODUCT = YES;
			};
			name = Release;
		};
		21EF8FCF24BD92A400EBF999 /* Debug */ = {
			isa = XCBuildConfiguration;
			buildSettings = {
				ASSETCATALOG_COMPILER_APPICON_NAME = AppIcon;
				CODE_SIGN_STYLE = Automatic;
				INFOPLIST_FILE = ProgressView/Info.plist;
				LD_RUNPATH_SEARCH_PATHS = (
					"$(inherited)",
					"@executable_path/Frameworks",
				);
				PRODUCT_BUNDLE_IDENTIFIER = com.vj.ProgressView;
				PRODUCT_NAME = "$(TARGET_NAME)";
				SWIFT_VERSION = 5.0;
				TARGETED_DEVICE_FAMILY = "1,2";
			};
			name = Debug;
		};
		21EF8FD024BD92A400EBF999 /* Release */ = {
			isa = XCBuildConfiguration;
			buildSettings = {
				ASSETCATALOG_COMPILER_APPICON_NAME = AppIcon;
				CODE_SIGN_STYLE = Automatic;
				INFOPLIST_FILE = ProgressView/Info.plist;
				LD_RUNPATH_SEARCH_PATHS = (
					"$(inherited)",
					"@executable_path/Frameworks",
				);
				PRODUCT_BUNDLE_IDENTIFIER = com.vj.ProgressView;
				PRODUCT_NAME = "$(TARGET_NAME)";
				SWIFT_VERSION = 5.0;
				TARGETED_DEVICE_FAMILY = "1,2";
			};
			name = Release;
		};
/* End XCBuildConfiguration section */

/* Begin XCConfigurationList section */
		21EF8FB524BD92A100EBF999 /* Build configuration list for PBXProject "ProgressView" */ = {
			isa = XCConfigurationList;
			buildConfigurations = (
				21EF8FCC24BD92A400EBF999 /* Debug */,
				21EF8FCD24BD92A400EBF999 /* Release */,
			);
			defaultConfigurationIsVisible = 0;
			defaultConfigurationName = Release;
		};
		21EF8FCE24BD92A400EBF999 /* Build configuration list for PBXNativeTarget "ProgressView" */ = {
			isa = XCConfigurationList;
			buildConfigurations = (
				21EF8FCF24BD92A400EBF999 /* Debug */,
				21EF8FD024BD92A400EBF999 /* Release */,
			);
			defaultConfigurationIsVisible = 0;
			defaultConfigurationName = Release;
		};
/* End XCConfigurationList section */
	};
	rootObject = 21EF8FB224BD92A100EBF999 /* Project object */;
}
